
Microsoft Visual Studio Solution File, Format Version 12.00
# Visual Studio 2012
Project("{FAE04EC0-301F-11D3-BF4B-00C04F79EFBC}") = "voltaire", "voltaire.csproj", "{0CCD3EB8-2961-4740-9B9E-01F8A94E2C80}"
EndProject
Project("{FAE04EC0-301F-11D3-BF4B-00C04F79EFBC}") = "voltaire.iOS", "iOS\voltaire.iOS.csproj", "{68B1415B-3B39-42EE-9D7C-FDB4DB5EB626}"
EndProject
Project("{FAE04EC0-301F-11D3-BF4B-00C04F79EFBC}") = "voltaire.Droid", "Droid\voltaire.Droid.csproj", "{2B360C70-9A8C-45B9-A9A1-47919054F610}"
EndProject
Project("{FAE04EC0-301F-11D3-BF4B-00C04F79EFBC}") = "voltaire.UITests", "UITests\voltaire.UITests.csproj", "{374F609A-7441-4D31-8732-B2E645CB1330}"
EndProject
Global
	GlobalSection(SolutionConfigurationPlatforms) = preSolution
		Debug|Any CPU = Debug|Any CPU
		Release|Any CPU = Release|Any CPU
		Debug|iPhoneSimulator = Debug|iPhoneSimulator
		Release|iPhone = Release|iPhone
		Release|iPhoneSimulator = Release|iPhoneSimulator
		Debug|iPhone = Debug|iPhone
	EndGlobalSection
	GlobalSection(ProjectConfigurationPlatforms) = postSolution
		{0CCD3EB8-2961-4740-9B9E-01F8A94E2C80}.Debug|Any CPU.ActiveCfg = Debug|Any CPU
		{0CCD3EB8-2961-4740-9B9E-01F8A94E2C80}.Debug|Any CPU.Build.0 = Debug|Any CPU
		{0CCD3EB8-2961-4740-9B9E-01F8A94E2C80}.Release|Any CPU.ActiveCfg = Release|Any CPU
		{0CCD3EB8-2961-4740-9B9E-01F8A94E2C80}.Release|Any CPU.Build.0 = Release|Any CPU
		{0CCD3EB8-2961-4740-9B9E-01F8A94E2C80}.Debug|iPhoneSimulator.ActiveCfg = Debug|Any CPU
		{0CCD3EB8-2961-4740-9B9E-01F8A94E2C80}.Debug|iPhoneSimulator.Build.0 = Debug|Any CPU
		{0CCD3EB8-2961-4740-9B9E-01F8A94E2C80}.Release|iPhone.ActiveCfg = Release|Any CPU
		{0CCD3EB8-2961-4740-9B9E-01F8A94E2C80}.Release|iPhone.Build.0 = Release|Any CPU
		{0CCD3EB8-2961-4740-9B9E-01F8A94E2C80}.Release|iPhoneSimulator.ActiveCfg = Release|Any CPU
		{0CCD3EB8-2961-4740-9B9E-01F8A94E2C80}.Release|iPhoneSimulator.Build.0 = Release|Any CPU
		{0CCD3EB8-2961-4740-9B9E-01F8A94E2C80}.Debug|iPhone.ActiveCfg = Debug|Any CPU
		{0CCD3EB8-2961-4740-9B9E-01F8A94E2C80}.Debug|iPhone.Build.0 = Debug|Any CPU
		{68B1415B-3B39-42EE-9D7C-FDB4DB5EB626}.Debug|Any CPU.ActiveCfg = Debug|iPhoneSimulator
		{68B1415B-3B39-42EE-9D7C-FDB4DB5EB626}.Debug|Any CPU.Build.0 = Debug|iPhoneSimulator
		{68B1415B-3B39-42EE-9D7C-FDB4DB5EB626}.Release|Any CPU.ActiveCfg = Release|iPhone
		{68B1415B-3B39-42EE-9D7C-FDB4DB5EB626}.Release|Any CPU.Build.0 = Release|iPhone
		{68B1415B-3B39-42EE-9D7C-FDB4DB5EB626}.Debug|iPhoneSimulator.ActiveCfg = Debug|iPhoneSimulator
		{68B1415B-3B39-42EE-9D7C-FDB4DB5EB626}.Debug|iPhoneSimulator.Build.0 = Debug|iPhoneSimulator
		{68B1415B-3B39-42EE-9D7C-FDB4DB5EB626}.Release|iPhone.ActiveCfg = Release|iPhone
		{68B1415B-3B39-42EE-9D7C-FDB4DB5EB626}.Release|iPhone.Build.0 = Release|iPhone
		{68B1415B-3B39-42EE-9D7C-FDB4DB5EB626}.Release|iPhoneSimulator.ActiveCfg = Release|iPhoneSimulator
		{68B1415B-3B39-42EE-9D7C-FDB4DB5EB626}.Release|iPhoneSimulator.Build.0 = Release|iPhoneSimulator
		{68B1415B-3B39-42EE-9D7C-FDB4DB5EB626}.Debug|iPhone.ActiveCfg = Debug|iPhone
		{68B1415B-3B39-42EE-9D7C-FDB4DB5EB626}.Debug|iPhone.Build.0 = Debug|iPhone
		{2B360C70-9A8C-45B9-A9A1-47919054F610}.Debug|Any CPU.ActiveCfg = Debug|Any CPU
		{2B360C70-9A8C-45B9-A9A1-47919054F610}.Debug|Any CPU.Build.0 = Debug|Any CPU
		{2B360C70-9A8C-45B9-A9A1-47919054F610}.Release|Any CPU.ActiveCfg = Release|Any CPU
		{2B360C70-9A8C-45B9-A9A1-47919054F610}.Release|Any CPU.Build.0 = Release|Any CPU
		{2B360C70-9A8C-45B9-A9A1-47919054F610}.Debug|iPhoneSimulator.ActiveCfg = Debug|Any CPU
		{2B360C70-9A8C-45B9-A9A1-47919054F610}.Debug|iPhoneSimulator.Build.0 = Debug|Any CPU
		{2B360C70-9A8C-45B9-A9A1-47919054F610}.Release|iPhone.ActiveCfg = Release|Any CPU
		{2B360C70-9A8C-45B9-A9A1-47919054F610}.Release|iPhone.Build.0 = Release|Any CPU
		{2B360C70-9A8C-45B9-A9A1-47919054F610}.Release|iPhoneSimulator.ActiveCfg = Release|Any CPU
		{2B360C70-9A8C-45B9-A9A1-47919054F610}.Release|iPhoneSimulator.Build.0 = Release|Any CPU
		{2B360C70-9A8C-45B9-A9A1-47919054F610}.Debug|iPhone.ActiveCfg = Debug|Any CPU
		{2B360C70-9A8C-45B9-A9A1-47919054F610}.Debug|iPhone.Build.0 = Debug|Any CPU
		{374F609A-7441-4D31-8732-B2E645CB1330}.Debug|Any CPU.ActiveCfg = Debug|Any CPU
		{374F609A-7441-4D31-8732-B2E645CB1330}.Debug|Any CPU.Build.0 = Debug|Any CPU
		{374F609A-7441-4D31-8732-B2E645CB1330}.Release|Any CPU.ActiveCfg = Release|Any CPU
		{374F609A-7441-4D31-8732-B2E645CB1330}.Release|Any CPU.Build.0 = Release|Any CPU
		{374F609A-7441-4D31-8732-B2E645CB1330}.Debug|iPhoneSimulator.ActiveCfg = Debug|Any CPU
		{374F609A-7441-4D31-8732-B2E645CB1330}.Debug|iPhoneSimulator.Build.0 = Debug|Any CPU
		{374F609A-7441-4D31-8732-B2E645CB1330}.Release|iPhone.ActiveCfg = Release|Any CPU
		{374F609A-7441-4D31-8732-B2E645CB1330}.Release|iPhone.Build.0 = Release|Any CPU
		{374F609A-7441-4D31-8732-B2E645CB1330}.Release|iPhoneSimulator.ActiveCfg = Release|Any CPU
		{374F609A-7441-4D31-8732-B2E645CB1330}.Release|iPhoneSimulator.Build.0 = Release|Any CPU
		{374F609A-7441-4D31-8732-B2E645CB1330}.Debug|iPhone.ActiveCfg = Debug|Any CPU
		{374F609A-7441-4D31-8732-B2E645CB1330}.Debug|iPhone.Build.0 = Debug|Any CPU
	EndGlobalSection
EndGlobal
